
Microsoft Visual Studio Solution File, Format Version 12.00
# Visual Studio Version 16
VisualStudioVersion = 16.0.30804.86
MinimumVisualStudioVersion = 10.0.40219.1
Project("{FAE04EC0-301F-11D3-BF4B-00C04F79EFBC}") = "ClassObjectsStep223", "ClassObjectsStep223\ClassObjectsStep223.csproj", "{8E4A9D56-6B62-434B-952B-05119148C5CB}"
EndProject
Global
	GlobalSection(SolutionConfigurationPlatforms) = preSolution
		Debug|Any CPU = Debug|Any CPU
		Release|Any CPU = Release|Any CPU
	EndGlobalSection
	GlobalSection(ProjectConfigurationPlatforms) = postSolution
		{8E4A9D56-6B62-434B-952B-05119148C5CB}.Debug|Any CPU.ActiveCfg = Debug|Any CPU
		{8E4A9D56-6B62-434B-952B-05119148C5CB}.Debug|Any CPU.Build.0 = Debug|Any CPU
		{8E4A9D56-6B62-434B-952B-05119148C5CB}.Release|Any CPU.ActiveCfg = Release|Any CPU
		{8E4A9D56-6B62-434B-952B-05119148C5CB}.Release|Any CPU.Build.0 = Release|Any CPU
	EndGlobalSection
	GlobalSection(SolutionProperties) = preSolution
		HideSolutionNode = FALSE
	EndGlobalSection
	GlobalSection(ExtensibilityGlobals) = postSolution
		SolutionGuid = {42F455EA-5A3E-4BE0-81BD-3C3DD7D112BD}
	EndGlobalSection
EndGlobal
